
Microsoft Visual Studio Solution File, Format Version 12.00
# Visual Studio Version 16
VisualStudioVersion = 16.0.30204.135
MinimumVisualStudioVersion = 10.0.40219.1
Project("{FAE04EC0-301F-11D3-BF4B-00C04F79EFBC}") = "FloatConversion", "FloatConversion\FloatConversion.csproj", "{B9CDB691-F20D-47F9-82E5-081330B4EBCF}"
EndProject
Global
	GlobalSection(SolutionConfigurationPlatforms) = preSolution
		Debug|Any CPU = Debug|Any CPU
		Release|Any CPU = Release|Any CPU
	EndGlobalSection
	GlobalSection(ProjectConfigurationPlatforms) = postSolution
		{B9CDB691-F20D-47F9-82E5-081330B4EBCF}.Debug|Any CPU.ActiveCfg = Debug|Any CPU
		{B9CDB691-F20D-47F9-82E5-081330B4EBCF}.Debug|Any CPU.Build.0 = Debug|Any CPU
		{B9CDB691-F20D-47F9-82E5-081330B4EBCF}.Release|Any CPU.ActiveCfg = Release|Any CPU
		{B9CDB691-F20D-47F9-82E5-081330B4EBCF}.Release|Any CPU.Build.0 = Release|Any CPU
	EndGlobalSection
	GlobalSection(SolutionProperties) = preSolution
		HideSolutionNode = FALSE
	EndGlobalSection
	GlobalSection(ExtensibilityGlobals) = postSolution
		SolutionGuid = {56074EB4-5A3A-4BA0-8801-19EA5F2AEA6C}
	EndGlobalSection
EndGlobal
