
Microsoft Visual Studio Solution File, Format Version 12.00
# Visual Studio Version 16
VisualStudioVersion = 16.0.30128.74
MinimumVisualStudioVersion = 10.0.40219.1
Project("{8BC9CEB8-8B4A-11D0-8D11-00A0C91BC942}") = "newpro", "newpro\newpro.vcxproj", "{83EAD2C9-B547-4E72-8998-2167835C393C}"
EndProject
Global
	GlobalSection(SolutionConfigurationPlatforms) = preSolution
		Debug|x64 = Debug|x64
		Debug|x86 = Debug|x86
		Release|x64 = Release|x64
		Release|x86 = Release|x86
	EndGlobalSection
	GlobalSection(ProjectConfigurationPlatforms) = postSolution
		{83EAD2C9-B547-4E72-8998-2167835C393C}.Debug|x64.ActiveCfg = Debug|x64
		{83EAD2C9-B547-4E72-8998-2167835C393C}.Debug|x64.Build.0 = Debug|x64
		{83EAD2C9-B547-4E72-8998-2167835C393C}.Debug|x86.ActiveCfg = Debug|Win32
		{83EAD2C9-B547-4E72-8998-2167835C393C}.Debug|x86.Build.0 = Debug|Win32
		{83EAD2C9-B547-4E72-8998-2167835C393C}.Release|x64.ActiveCfg = Release|x64
		{83EAD2C9-B547-4E72-8998-2167835C393C}.Release|x64.Build.0 = Release|x64
		{83EAD2C9-B547-4E72-8998-2167835C393C}.Release|x86.ActiveCfg = Release|Win32
		{83EAD2C9-B547-4E72-8998-2167835C393C}.Release|x86.Build.0 = Release|Win32
	EndGlobalSection
	GlobalSection(SolutionProperties) = preSolution
		HideSolutionNode = FALSE
	EndGlobalSection
	GlobalSection(ExtensibilityGlobals) = postSolution
		SolutionGuid = {FF0F21CE-29F1-47F5-B20F-9B92109121E3}
	EndGlobalSection
EndGlobal
