
Microsoft Visual Studio Solution File, Format Version 12.00
# Visual Studio Version 16
VisualStudioVersion = 16.0.30204.135
MinimumVisualStudioVersion = 10.0.40219.1
Project("{FAE04EC0-301F-11D3-BF4B-00C04F79EFBC}") = "BoxingUnboxing", "BoxingUnboxing\BoxingUnboxing.csproj", "{3AB6B6A0-8B43-4942-BD2A-414ED505140B}"
EndProject
Global
	GlobalSection(SolutionConfigurationPlatforms) = preSolution
		Debug|Any CPU = Debug|Any CPU
		Release|Any CPU = Release|Any CPU
	EndGlobalSection
	GlobalSection(ProjectConfigurationPlatforms) = postSolution
		{3AB6B6A0-8B43-4942-BD2A-414ED505140B}.Debug|Any CPU.ActiveCfg = Debug|Any CPU
		{3AB6B6A0-8B43-4942-BD2A-414ED505140B}.Debug|Any CPU.Build.0 = Debug|Any CPU
		{3AB6B6A0-8B43-4942-BD2A-414ED505140B}.Release|Any CPU.ActiveCfg = Release|Any CPU
		{3AB6B6A0-8B43-4942-BD2A-414ED505140B}.Release|Any CPU.Build.0 = Release|Any CPU
	EndGlobalSection
	GlobalSection(SolutionProperties) = preSolution
		HideSolutionNode = FALSE
	EndGlobalSection
	GlobalSection(ExtensibilityGlobals) = postSolution
		SolutionGuid = {B87A5496-4696-43E5-B23D-990B7398D73D}
	EndGlobalSection
EndGlobal
